// !$*UTF8*$!
{
	archiveVersion = 1;
	classes = {
	};
	objectVersion = 46;
	objects = {

/* Begin PBXBuildFile section */
		B8054D2E1D4616F800D3BA1B /* main.m in Sources */ = {isa = PBXBuildFile; fileRef = B8054D2D1D4616F800D3BA1B /* main.m */; };
		B8054D311D4616F800D3BA1B /* AppDelegate.m in Sources */ = {isa = PBXBuildFile; fileRef = B8054D301D4616F800D3BA1B /* AppDelegate.m */; };
		B8054D391D4616F800D3BA1B /* Assets.xcassets in Resources */ = {isa = PBXBuildFile; fileRef = B8054D381D4616F800D3BA1B /* Assets.xcassets */; };
		B8054D3C1D4616F800D3BA1B /* LaunchScreen.storyboard in Resources */ = {isa = PBXBuildFile; fileRef = B8054D3A1D4616F800D3BA1B /* LaunchScreen.storyboard */; };
		B8054D471D4616F800D3BA1B /* YQWeiboTests.m in Sources */ = {isa = PBXBuildFile; fileRef = B8054D461D4616F800D3BA1B /* YQWeiboTests.m */; };
		B8054D521D4616F800D3BA1B /* YQWeiboUITests.m in Sources */ = {isa = PBXBuildFile; fileRef = B8054D511D4616F800D3BA1B /* YQWeiboUITests.m */; };
		B82785811D4717250046782B /* libWeiboSDK.a in Frameworks */ = {isa = PBXBuildFile; fileRef = B82785741D4717250046782B /* libWeiboSDK.a */; };
		B82785821D4717250046782B /* WeiboSDK.bundle in Resources */ = {isa = PBXBuildFile; fileRef = B827857E1D4717250046782B /* WeiboSDK.bundle */; };
		B82785841D4717850046782B /* QuartzCore.framework in Frameworks */ = {isa = PBXBuildFile; fileRef = B82785831D4717850046782B /* QuartzCore.framework */; };
		B82785861D47178D0046782B /* ImageIO.framework in Frameworks */ = {isa = PBXBuildFile; fileRef = B82785851D47178D0046782B /* ImageIO.framework */; };
		B82785881D4717970046782B /* SystemConfiguration.framework in Frameworks */ = {isa = PBXBuildFile; fileRef = B82785871D4717970046782B /* SystemConfiguration.framework */; };
		B827858A1D4717A20046782B /* Security.framework in Frameworks */ = {isa = PBXBuildFile; fileRef = B82785891D4717A20046782B /* Security.framework */; };
		B827858C1D4717AB0046782B /* CoreTelephony.framework in Frameworks */ = {isa = PBXBuildFile; fileRef = B827858B1D4717AB0046782B /* CoreTelephony.framework */; };
		B827858E1D4717B50046782B /* CoreText.framework in Frameworks */ = {isa = PBXBuildFile; fileRef = B827858D1D4717B50046782B /* CoreText.framework */; };
		B82785901D4717BE0046782B /* UIKit.framework in Frameworks */ = {isa = PBXBuildFile; fileRef = B827858F1D4717BE0046782B /* UIKit.framework */; };
		B82785921D4717C60046782B /* Foundation.framework in Frameworks */ = {isa = PBXBuildFile; fileRef = B82785911D4717C60046782B /* Foundation.framework */; };
		B82785941D4717D00046782B /* CoreGraphics.framework in Frameworks */ = {isa = PBXBuildFile; fileRef = B82785931D4717D00046782B /* CoreGraphics.framework */; };
		B82785961D4717D90046782B /* libz.tbd in Frameworks */ = {isa = PBXBuildFile; fileRef = B82785951D4717D90046782B /* libz.tbd */; };
		B82785981D4717E20046782B /* libsqlite3.tbd in Frameworks */ = {isa = PBXBuildFile; fileRef = B82785971D4717E20046782B /* libsqlite3.tbd */; };
		B832F1E41D51CA7E008DD2B1 /* ZhouDate.m in Sources */ = {isa = PBXBuildFile; fileRef = B832F1E31D51CA7E008DD2B1 /* ZhouDate.m */; };
		B832F1E71D51F741008DD2B1 /* HomeCell.m in Sources */ = {isa = PBXBuildFile; fileRef = B832F1E61D51F741008DD2B1 /* HomeCell.m */; };
		B88CC61D1D50367E00B2E6C9 /* YeTabBar.m in Sources */ = {isa = PBXBuildFile; fileRef = B88CC61C1D50367E00B2E6C9 /* YeTabBar.m */; };
		B8D012C61D49F3AB00F20C83 /* YeHttp.m in Sources */ = {isa = PBXBuildFile; fileRef = B8D012C51D49F3AB00F20C83 /* YeHttp.m */; };
		B8D4FA0B1D50756900CF625A /* Discover.storyboard in Resources */ = {isa = PBXBuildFile; fileRef = B8D4FA0A1D50756900CF625A /* Discover.storyboard */; };
		B8D4FA0E1D50758200CF625A /* DiscoverViewController.m in Sources */ = {isa = PBXBuildFile; fileRef = B8D4FA0D1D50758200CF625A /* DiscoverViewController.m */; };
		B8D4FA171D50AA0000CF625A /* libPods-YQWeibo.a in Frameworks */ = {isa = PBXBuildFile; fileRef = B8D4FA161D50AA0000CF625A /* libPods-YQWeibo.a */; };
		B8DFEB4B1D4B09F800C50899 /* MessageCell.m in Sources */ = {isa = PBXBuildFile; fileRef = B8DFEB491D4B09F800C50899 /* MessageCell.m */; };
		B8DFEB4C1D4B09F800C50899 /* MessageCell.xib in Resources */ = {isa = PBXBuildFile; fileRef = B8DFEB4A1D4B09F800C50899 /* MessageCell.xib */; };
		B8DFEB521D4B0A7D00C50899 /* MessageModel.m in Sources */ = {isa = PBXBuildFile; fileRef = B8DFEB511D4B0A7D00C50899 /* MessageModel.m */; };
		B8DFEB551D4B3B6600C50899 /* HomeModel.m in Sources */ = {isa = PBXBuildFile; fileRef = B8DFEB541D4B3B6600C50899 /* HomeModel.m */; };
		B8DFEB5B1D4B42AA00C50899 /* UserModel.m in Sources */ = {isa = PBXBuildFile; fileRef = B8DFEB5A1D4B42AA00C50899 /* UserModel.m */; };
		B8DFEB5E1D4B45CE00C50899 /* HomeLayout.m in Sources */ = {isa = PBXBuildFile; fileRef = B8DFEB5D1D4B45CE00C50899 /* HomeLayout.m */; };
		B8EB5B211D47311B00F93E63 /* BaseTabBarController.m in Sources */ = {isa = PBXBuildFile; fileRef = B8EB5B201D47311B00F93E63 /* BaseTabBarController.m */; };
		B8EB5B241D47313300F93E63 /* BaseNavigationController.m in Sources */ = {isa = PBXBuildFile; fileRef = B8EB5B231D47313300F93E63 /* BaseNavigationController.m */; };
		B8EB5B271D47314400F93E63 /* BaseViewController.m in Sources */ = {isa = PBXBuildFile; fileRef = B8EB5B261D47314400F93E63 /* BaseViewController.m */; };
		B8EB5B2A1D47317000F93E63 /* Home.storyboard in Resources */ = {isa = PBXBuildFile; fileRef = B8EB5B291D47317000F93E63 /* Home.storyboard */; };
		B8EB5B2C1D47317E00F93E63 /* Me.storyboard in Resources */ = {isa = PBXBuildFile; fileRef = B8EB5B2B1D47317E00F93E63 /* Me.storyboard */; };
		B8EB5B2E1D4731BE00F93E63 /* Menu.storyboard in Resources */ = {isa = PBXBuildFile; fileRef = B8EB5B2D1D4731BE00F93E63 /* Menu.storyboard */; };
		B8EB5B301D4731C500F93E63 /* Message.storyboard in Resources */ = {isa = PBXBuildFile; fileRef = B8EB5B2F1D4731C500F93E63 /* Message.storyboard */; };
		B8EB5B351D4731DC00F93E63 /* HomeViewController.m in Sources */ = {isa = PBXBuildFile; fileRef = B8EB5B341D4731DC00F93E63 /* HomeViewController.m */; };
		B8EB5B381D4731E500F93E63 /* MeViewController.m in Sources */ = {isa = PBXBuildFile; fileRef = B8EB5B371D4731E500F93E63 /* MeViewController.m */; };
		B8EB5B3B1D4731ED00F93E63 /* MenuViewController.m in Sources */ = {isa = PBXBuildFile; fileRef = B8EB5B3A1D4731ED00F93E63 /* MenuViewController.m */; };
		B8EB5B3E1D4731F600F93E63 /* MessageViewController.m in Sources */ = {isa = PBXBuildFile; fileRef = B8EB5B3D1D4731F600F93E63 /* MessageViewController.m */; };
		B8EB5B441D47323100F93E63 /* UIStoryboard+LoadViewController.m in Sources */ = {isa = PBXBuildFile; fileRef = B8EB5B431D47323100F93E63 /* UIStoryboard+LoadViewController.m */; };
		B8F507431D4EF67A0081CB9C /* HomeTableView.m in Sources */ = {isa = PBXBuildFile; fileRef = B8F507421D4EF67A0081CB9C /* HomeTableView.m */; };
/* End PBXBuildFile section */

/* Begin PBXContainerItemProxy section */
		B8054D431D4616F800D3BA1B /* PBXContainerItemProxy */ = {
			isa = PBXContainerItemProxy;
			containerPortal = B8054D211D4616F800D3BA1B /* Project object */;
			proxyType = 1;
			remoteGlobalIDString = B8054D281D4616F800D3BA1B;
			remoteInfo = YQWeibo;
		};
		B8054D4E1D4616F800D3BA1B /* PBXContainerItemProxy */ = {
			isa = PBXContainerItemProxy;
			containerPortal = B8054D211D4616F800D3BA1B /* Project object */;
			proxyType = 1;
			remoteGlobalIDString = B8054D281D4616F800D3BA1B;
			remoteInfo = YQWeibo;
		};
/* End PBXContainerItemProxy section */

/* Begin PBXFileReference section */
		206197291C719F3DF106A14C /* Pods-YQWeibo.debug.xcconfig */ = {isa = PBXFileReference; includeInIndex = 1; lastKnownFileType = text.xcconfig; name = "Pods-YQWeibo.debug.xcconfig"; path = "Pods/Target Support Files/Pods-YQWeibo/Pods-YQWeibo.debug.xcconfig"; sourceTree = "<group>"; };
		4DC7122337BCEF8316F5A17E /* Pods-YQWeibo.release.xcconfig */ = {isa = PBXFileReference; includeInIndex = 1; lastKnownFileType = text.xcconfig; name = "Pods-YQWeibo.release.xcconfig"; path = "Pods/Target Support Files/Pods-YQWeibo/Pods-YQWeibo.release.xcconfig"; sourceTree = "<group>"; };
		B8054D291D4616F800D3BA1B /* YQWeibo.app */ = {isa = PBXFileReference; explicitFileType = wrapper.application; includeInIndex = 0; path = YQWeibo.app; sourceTree = BUILT_PRODUCTS_DIR; };
		B8054D2D1D4616F800D3BA1B /* main.m */ = {isa = PBXFileReference; lastKnownFileType = sourcecode.c.objc; path = main.m; sourceTree = "<group>"; };
		B8054D2F1D4616F800D3BA1B /* AppDelegate.h */ = {isa = PBXFileReference; lastKnownFileType = sourcecode.c.h; name = AppDelegate.h; path = ../AppDelegate.h; sourceTree = "<group>"; };
		B8054D301D4616F800D3BA1B /* AppDelegate.m */ = {isa = PBXFileReference; lastKnownFileType = sourcecode.c.objc; name = AppDelegate.m; path = ../AppDelegate.m; sourceTree = "<group>"; };
		B8054D381D4616F800D3BA1B /* Assets.xcassets */ = {isa = PBXFileReference; lastKnownFileType = folder.assetcatalog; path = Assets.xcassets; sourceTree = "<group>"; };
		B8054D3B1D4616F800D3BA1B /* Base */ = {isa = PBXFileReference; lastKnownFileType = file.storyboard; name = Base; path = Base.lproj/LaunchScreen.storyboard; sourceTree = "<group>"; };
		B8054D3D1D4616F800D3BA1B /* Info.plist */ = {isa = PBXFileReference; lastKnownFileType = text.plist.xml; path = Info.plist; sourceTree = "<group>"; };
		B8054D421D4616F800D3BA1B /* YQWeiboTests.xctest */ = {isa = PBXFileReference; explicitFileType = wrapper.cfbundle; includeInIndex = 0; path = YQWeiboTests.xctest; sourceTree = BUILT_PRODUCTS_DIR; };
		B8054D461D4616F800D3BA1B /* YQWeiboTests.m */ = {isa = PBXFileReference; lastKnownFileType = sourcecode.c.objc; path = YQWeiboTests.m; sourceTree = "<group>"; };
		B8054D481D4616F800D3BA1B /* Info.plist */ = {isa = PBXFileReference; lastKnownFileType = text.plist.xml; path = Info.plist; sourceTree = "<group>"; };
		B8054D4D1D4616F800D3BA1B /* YQWeiboUITests.xctest */ = {isa = PBXFileReference; explicitFileType = wrapper.cfbundle; includeInIndex = 0; path = YQWeiboUITests.xctest; sourceTree = BUILT_PRODUCTS_DIR; };
		B8054D511D4616F800D3BA1B /* YQWeiboUITests.m */ = {isa = PBXFileReference; lastKnownFileType = sourcecode.c.objc; path = YQWeiboUITests.m; sourceTree = "<group>"; };
		B8054D531D4616F800D3BA1B /* Info.plist */ = {isa = PBXFileReference; lastKnownFileType = text.plist.xml; path = Info.plist; sourceTree = "<group>"; };
		B82785741D4717250046782B /* libWeiboSDK.a */ = {isa = PBXFileReference; lastKnownFileType = archive.ar; path = libWeiboSDK.a; sourceTree = "<group>"; };
		B82785751D4717250046782B /* WBHttpRequest+WeiboGame.h */ = {isa = PBXFileReference; fileEncoding = 4; lastKnownFileType = sourcecode.c.h; path = "WBHttpRequest+WeiboGame.h"; sourceTree = "<group>"; };
		B82785761D4717250046782B /* WBHttpRequest+WeiboShare.h */ = {isa = PBXFileReference; fileEncoding = 4; lastKnownFileType = sourcecode.c.h; path = "WBHttpRequest+WeiboShare.h"; sourceTree = "<group>"; };
		B82785771D4717250046782B /* WBHttpRequest+WeiboToken.h */ = {isa = PBXFileReference; fileEncoding = 4; lastKnownFileType = sourcecode.c.h; path = "WBHttpRequest+WeiboToken.h"; sourceTree = "<group>"; };
		B82785781D4717250046782B /* WBHttpRequest+WeiboUser.h */ = {isa = PBXFileReference; fileEncoding = 4; lastKnownFileType = sourcecode.c.h; path = "WBHttpRequest+WeiboUser.h"; sourceTree = "<group>"; };
		B82785791D4717250046782B /* WBHttpRequest.h */ = {isa = PBXFileReference; fileEncoding = 4; lastKnownFileType = sourcecode.c.h; path = WBHttpRequest.h; sourceTree = "<group>"; };
		B827857A1D4717250046782B /* WBSDKBasicButton.h */ = {isa = PBXFileReference; fileEncoding = 4; lastKnownFileType = sourcecode.c.h; path = WBSDKBasicButton.h; sourceTree = "<group>"; };
		B827857B1D4717250046782B /* WBSDKCommentButton.h */ = {isa = PBXFileReference; fileEncoding = 4; lastKnownFileType = sourcecode.c.h; path = WBSDKCommentButton.h; sourceTree = "<group>"; };
		B827857C1D4717250046782B /* WBSDKRelationshipButton.h */ = {isa = PBXFileReference; fileEncoding = 4; lastKnownFileType = sourcecode.c.h; path = WBSDKRelationshipButton.h; sourceTree = "<group>"; };
		B827857D1D4717250046782B /* WeiboSDK+Statistics.h */ = {isa = PBXFileReference; fileEncoding = 4; lastKnownFileType = sourcecode.c.h; path = "WeiboSDK+Statistics.h"; sourceTree = "<group>"; };
		B827857E1D4717250046782B /* WeiboSDK.bundle */ = {isa = PBXFileReference; lastKnownFileType = "wrapper.plug-in"; path = WeiboSDK.bundle; sourceTree = "<group>"; };
		B827857F1D4717250046782B /* WeiboSDK.h */ = {isa = PBXFileReference; fileEncoding = 4; lastKnownFileType = sourcecode.c.h; path = WeiboSDK.h; sourceTree = "<group>"; };
		B82785801D4717250046782B /* WeiboUser.h */ = {isa = PBXFileReference; fileEncoding = 4; lastKnownFileType = sourcecode.c.h; path = WeiboUser.h; sourceTree = "<group>"; };
		B82785831D4717850046782B /* QuartzCore.framework */ = {isa = PBXFileReference; lastKnownFileType = wrapper.framework; name = QuartzCore.framework; path = System/Library/Frameworks/QuartzCore.framework; sourceTree = SDKROOT; };
		B82785851D47178D0046782B /* ImageIO.framework */ = {isa = PBXFileReference; lastKnownFileType = wrapper.framework; name = ImageIO.framework; path = System/Library/Frameworks/ImageIO.framework; sourceTree = SDKROOT; };
		B82785871D4717970046782B /* SystemConfiguration.framework */ = {isa = PBXFileReference; lastKnownFileType = wrapper.framework; name = SystemConfiguration.framework; path = System/Library/Frameworks/SystemConfiguration.framework; sourceTree = SDKROOT; };
		B82785891D4717A20046782B /* Security.framework */ = {isa = PBXFileReference; lastKnownFileType = wrapper.framework; name = Security.framework; path = System/Library/Frameworks/Security.framework; sourceTree = SDKROOT; };
		B827858B1D4717AB0046782B /* CoreTelephony.framework */ = {isa = PBXFileReference; lastKnownFileType = wrapper.framework; name = CoreTelephony.framework; path = System/Library/Frameworks/CoreTelephony.framework; sourceTree = SDKROOT; };
		B827858D1D4717B50046782B /* CoreText.framework */ = {isa = PBXFileReference; lastKnownFileType = wrapper.framework; name = CoreText.framework; path = System/Library/Frameworks/CoreText.framework; sourceTree = SDKROOT; };
		B827858F1D4717BE0046782B /* UIKit.framework */ = {isa = PBXFileReference; lastKnownFileType = wrapper.framework; name = UIKit.framework; path = System/Library/Frameworks/UIKit.framework; sourceTree = SDKROOT; };
		B82785911D4717C60046782B /* Foundation.framework */ = {isa = PBXFileReference; lastKnownFileType = wrapper.framework; name = Foundation.framework; path = System/Library/Frameworks/Foundation.framework; sourceTree = SDKROOT; };
		B82785931D4717D00046782B /* CoreGraphics.framework */ = {isa = PBXFileReference; lastKnownFileType = wrapper.framework; name = CoreGraphics.framework; path = System/Library/Frameworks/CoreGraphics.framework; sourceTree = SDKROOT; };
		B82785951D4717D90046782B /* libz.tbd */ = {isa = PBXFileReference; lastKnownFileType = "sourcecode.text-based-dylib-definition"; name = libz.tbd; path = usr/lib/libz.tbd; sourceTree = SDKROOT; };
		B82785971D4717E20046782B /* libsqlite3.tbd */ = {isa = PBXFileReference; lastKnownFileType = "sourcecode.text-based-dylib-definition"; name = libsqlite3.tbd; path = usr/lib/libsqlite3.tbd; sourceTree = SDKROOT; };
		B832F1E21D51CA7E008DD2B1 /* ZhouDate.h */ = {isa = PBXFileReference; fileEncoding = 4; lastKnownFileType = sourcecode.c.h; path = ZhouDate.h; sourceTree = "<group>"; };
		B832F1E31D51CA7E008DD2B1 /* ZhouDate.m */ = {isa = PBXFileReference; fileEncoding = 4; lastKnownFileType = sourcecode.c.objc; path = ZhouDate.m; sourceTree = "<group>"; };
		B832F1E51D51F741008DD2B1 /* HomeCell.h */ = {isa = PBXFileReference; fileEncoding = 4; lastKnownFileType = sourcecode.c.h; path = HomeCell.h; sourceTree = "<group>"; };
		B832F1E61D51F741008DD2B1 /* HomeCell.m */ = {isa = PBXFileReference; fileEncoding = 4; lastKnownFileType = sourcecode.c.objc; path = HomeCell.m; sourceTree = "<group>"; };
		B88CC61B1D50367E00B2E6C9 /* YeTabBar.h */ = {isa = PBXFileReference; fileEncoding = 4; lastKnownFileType = sourcecode.c.h; path = YeTabBar.h; sourceTree = "<group>"; };
		B88CC61C1D50367E00B2E6C9 /* YeTabBar.m */ = {isa = PBXFileReference; fileEncoding = 4; lastKnownFileType = sourcecode.c.objc; path = YeTabBar.m; sourceTree = "<group>"; };
		B8D012C41D49F3AB00F20C83 /* YeHttp.h */ = {isa = PBXFileReference; fileEncoding = 4; lastKnownFileType = sourcecode.c.h; path = YeHttp.h; sourceTree = "<group>"; };
		B8D012C51D49F3AB00F20C83 /* YeHttp.m */ = {isa = PBXFileReference; fileEncoding = 4; lastKnownFileType = sourcecode.c.objc; path = YeHttp.m; sourceTree = "<group>"; };
		B8D4FA0A1D50756900CF625A /* Discover.storyboard */ = {isa = PBXFileReference; fileEncoding = 4; lastKnownFileType = file.storyboard; path = Discover.storyboard; sourceTree = "<group>"; };
		B8D4FA0C1D50758200CF625A /* DiscoverViewController.h */ = {isa = PBXFileReference; fileEncoding = 4; lastKnownFileType = sourcecode.c.h; path = DiscoverViewController.h; sourceTree = "<group>"; };
		B8D4FA0D1D50758200CF625A /* DiscoverViewController.m */ = {isa = PBXFileReference; fileEncoding = 4; lastKnownFileType = sourcecode.c.objc; path = DiscoverViewController.m; sourceTree = "<group>"; };
		B8D4FA161D50AA0000CF625A /* libPods-YQWeibo.a */ = {isa = PBXFileReference; lastKnownFileType = archive.ar; name = "libPods-YQWeibo.a"; path = "Pods/../build/Debug-iphoneos/libPods-YQWeibo.a"; sourceTree = "<group>"; };
		B8DFEB481D4B09F800C50899 /* MessageCell.h */ = {isa = PBXFileReference; fileEncoding = 4; lastKnownFileType = sourcecode.c.h; path = MessageCell.h; sourceTree = "<group>"; };
		B8DFEB491D4B09F800C50899 /* MessageCell.m */ = {isa = PBXFileReference; fileEncoding = 4; lastKnownFileType = sourcecode.c.objc; path = MessageCell.m; sourceTree = "<group>"; };
		B8DFEB4A1D4B09F800C50899 /* MessageCell.xib */ = {isa = PBXFileReference; fileEncoding = 4; lastKnownFileType = file.xib; path = MessageCell.xib; sourceTree = "<group>"; };
		B8DFEB501D4B0A7D00C50899 /* MessageModel.h */ = {isa = PBXFileReference; fileEncoding = 4; lastKnownFileType = sourcecode.c.h; path = MessageModel.h; sourceTree = "<group>"; };
		B8DFEB511D4B0A7D00C50899 /* MessageModel.m */ = {isa = PBXFileReference; fileEncoding = 4; lastKnownFileType = sourcecode.c.objc; path = MessageModel.m; sourceTree = "<group>"; };
		B8DFEB531D4B3B6600C50899 /* HomeModel.h */ = {isa = PBXFileReference; fileEncoding = 4; lastKnownFileType = sourcecode.c.h; path = HomeModel.h; sourceTree = "<group>"; };
		B8DFEB541D4B3B6600C50899 /* HomeModel.m */ = {isa = PBXFileReference; fileEncoding = 4; lastKnownFileType = sourcecode.c.objc; path = HomeModel.m; sourceTree = "<group>"; };
		B8DFEB591D4B42AA00C50899 /* UserModel.h */ = {isa = PBXFileReference; fileEncoding = 4; lastKnownFileType = sourcecode.c.h; path = UserModel.h; sourceTree = "<group>"; };
		B8DFEB5A1D4B42AA00C50899 /* UserModel.m */ = {isa = PBXFileReference; fileEncoding = 4; lastKnownFileType = sourcecode.c.objc; path = UserModel.m; sourceTree = "<group>"; };
		B8DFEB5C1D4B45CE00C50899 /* HomeLayout.h */ = {isa = PBXFileReference; fileEncoding = 4; lastKnownFileType = sourcecode.c.h; path = HomeLayout.h; sourceTree = "<group>"; };
		B8DFEB5D1D4B45CE00C50899 /* HomeLayout.m */ = {isa = PBXFileReference; fileEncoding = 4; lastKnownFileType = sourcecode.c.objc; path = HomeLayout.m; sourceTree = "<group>"; };
		B8EB5B1F1D47311B00F93E63 /* BaseTabBarController.h */ = {isa = PBXFileReference; fileEncoding = 4; lastKnownFileType = sourcecode.c.h; path = BaseTabBarController.h; sourceTree = "<group>"; };
		B8EB5B201D47311B00F93E63 /* BaseTabBarController.m */ = {isa = PBXFileReference; fileEncoding = 4; lastKnownFileType = sourcecode.c.objc; path = BaseTabBarController.m; sourceTree = "<group>"; };
		B8EB5B221D47313300F93E63 /* BaseNavigationController.h */ = {isa = PBXFileReference; fileEncoding = 4; lastKnownFileType = sourcecode.c.h; path = BaseNavigationController.h; sourceTree = "<group>"; };
		B8EB5B231D47313300F93E63 /* BaseNavigationController.m */ = {isa = PBXFileReference; fileEncoding = 4; lastKnownFileType = sourcecode.c.objc; path = BaseNavigationController.m; sourceTree = "<group>"; };
		B8EB5B251D47314400F93E63 /* BaseViewController.h */ = {isa = PBXFileReference; fileEncoding = 4; lastKnownFileType = sourcecode.c.h; path = BaseViewController.h; sourceTree = "<group>"; };
		B8EB5B261D47314400F93E63 /* BaseViewController.m */ = {isa = PBXFileReference; fileEncoding = 4; lastKnownFileType = sourcecode.c.objc; path = BaseViewController.m; sourceTree = "<group>"; };
		B8EB5B291D47317000F93E63 /* Home.storyboard */ = {isa = PBXFileReference; fileEncoding = 4; lastKnownFileType = file.storyboard; path = Home.storyboard; sourceTree = "<group>"; };
		B8EB5B2B1D47317E00F93E63 /* Me.storyboard */ = {isa = PBXFileReference; fileEncoding = 4; lastKnownFileType = file.storyboard; path = Me.storyboard; sourceTree = "<group>"; };
		B8EB5B2D1D4731BE00F93E63 /* Menu.storyboard */ = {isa = PBXFileReference; fileEncoding = 4; lastKnownFileType = file.storyboard; path = Menu.storyboard; sourceTree = "<group>"; };
		B8EB5B2F1D4731C500F93E63 /* Message.storyboard */ = {isa = PBXFileReference; fileEncoding = 4; lastKnownFileType = file.storyboard; path = Message.storyboard; sourceTree = "<group>"; };
		B8EB5B331D4731DC00F93E63 /* HomeViewController.h */ = {isa = PBXFileReference; fileEncoding = 4; lastKnownFileType = sourcecode.c.h; path = HomeViewController.h; sourceTree = "<group>"; };
		B8EB5B341D4731DC00F93E63 /* HomeViewController.m */ = {isa = PBXFileReference; fileEncoding = 4; lastKnownFileType = sourcecode.c.objc; path = HomeViewController.m; sourceTree = "<group>"; };
		B8EB5B361D4731E500F93E63 /* MeViewController.h */ = {isa = PBXFileReference; fileEncoding = 4; lastKnownFileType = sourcecode.c.h; path = MeViewController.h; sourceTree = "<group>"; };
		B8EB5B371D4731E500F93E63 /* MeViewController.m */ = {isa = PBXFileReference; fileEncoding = 4; lastKnownFileType = sourcecode.c.objc; path = MeViewController.m; sourceTree = "<group>"; };
		B8EB5B391D4731ED00F93E63 /* MenuViewController.h */ = {isa = PBXFileReference; fileEncoding = 4; lastKnownFileType = sourcecode.c.h; path = MenuViewController.h; sourceTree = "<group>"; };
		B8EB5B3A1D4731ED00F93E63 /* MenuViewController.m */ = {isa = PBXFileReference; fileEncoding = 4; lastKnownFileType = sourcecode.c.objc; path = MenuViewController.m; sourceTree = "<group>"; };
		B8EB5B3C1D4731F600F93E63 /* MessageViewController.h */ = {isa = PBXFileReference; fileEncoding = 4; lastKnownFileType = sourcecode.c.h; path = MessageViewController.h; sourceTree = "<group>"; };
		B8EB5B3D1D4731F600F93E63 /* MessageViewController.m */ = {isa = PBXFileReference; fileEncoding = 4; lastKnownFileType = sourcecode.c.objc; path = MessageViewController.m; sourceTree = "<group>"; };
		B8EB5B421D47323100F93E63 /* UIStoryboard+LoadViewController.h */ = {isa = PBXFileReference; fileEncoding = 4; lastKnownFileType = sourcecode.c.h; path = "UIStoryboard+LoadViewController.h"; sourceTree = "<group>"; };
		B8EB5B431D47323100F93E63 /* UIStoryboard+LoadViewController.m */ = {isa = PBXFileReference; fileEncoding = 4; lastKnownFileType = sourcecode.c.objc; path = "UIStoryboard+LoadViewController.m"; sourceTree = "<group>"; };
		B8EB5B451D47368B00F93E63 /* Head.pch */ = {isa = PBXFileReference; lastKnownFileType = sourcecode.c.h; path = Head.pch; sourceTree = "<group>"; };
		B8F507411D4EF67A0081CB9C /* HomeTableView.h */ = {isa = PBXFileReference; fileEncoding = 4; lastKnownFileType = sourcecode.c.h; path = HomeTableView.h; sourceTree = "<group>"; };
		B8F507421D4EF67A0081CB9C /* HomeTableView.m */ = {isa = PBXFileReference; fileEncoding = 4; lastKnownFileType = sourcecode.c.objc; path = HomeTableView.m; sourceTree = "<group>"; };
		FEC2A9639837CF5BF67A9F0C /* libPods-YQWeibo.a */ = {isa = PBXFileReference; explicitFileType = archive.ar; includeInIndex = 0; path = "libPods-YQWeibo.a"; sourceTree = BUILT_PRODUCTS_DIR; };
/* End PBXFileReference section */

/* Begin PBXFrameworksBuildPhase section */
		B8054D261D4616F800D3BA1B /* Frameworks */ = {
			isa = PBXFrameworksBuildPhase;
			buildActionMask = 2147483647;
			files = (
				B82785981D4717E20046782B /* libsqlite3.tbd in Frameworks */,
				B82785961D4717D90046782B /* libz.tbd in Frameworks */,
				B82785941D4717D00046782B /* CoreGraphics.framework in Frameworks */,
				B82785921D4717C60046782B /* Foundation.framework in Frameworks */,
				B82785901D4717BE0046782B /* UIKit.framework in Frameworks */,
				B827858E1D4717B50046782B /* CoreText.framework in Frameworks */,
				B827858C1D4717AB0046782B /* CoreTelephony.framework in Frameworks */,
				B827858A1D4717A20046782B /* Security.framework in Frameworks */,
				B82785881D4717970046782B /* SystemConfiguration.framework in Frameworks */,
				B82785861D47178D0046782B /* ImageIO.framework in Frameworks */,
				B82785841D4717850046782B /* QuartzCore.framework in Frameworks */,
				B82785811D4717250046782B /* libWeiboSDK.a in Frameworks */,
				B8D4FA171D50AA0000CF625A /* libPods-YQWeibo.a in Frameworks */,
			);
			runOnlyForDeploymentPostprocessing = 0;
		};
		B8054D3F1D4616F800D3BA1B /* Frameworks */ = {
			isa = PBXFrameworksBuildPhase;
			buildActionMask = 2147483647;
			files = (
			);
			runOnlyForDeploymentPostprocessing = 0;
		};
		B8054D4A1D4616F800D3BA1B /* Frameworks */ = {
			isa = PBXFrameworksBuildPhase;
			buildActionMask = 2147483647;
			files = (
			);
			runOnlyForDeploymentPostprocessing = 0;
		};
/* End PBXFrameworksBuildPhase section */

/* Begin PBXGroup section */
		339E70E265E38DF8CFB42688 /* Frameworks */ = {
			isa = PBXGroup;
			children = (
				B8D4FA161D50AA0000CF625A /* libPods-YQWeibo.a */,
				B82785971D4717E20046782B /* libsqlite3.tbd */,
				B82785951D4717D90046782B /* libz.tbd */,
				B82785931D4717D00046782B /* CoreGraphics.framework */,
				B82785911D4717C60046782B /* Foundation.framework */,
				B827858F1D4717BE0046782B /* UIKit.framework */,
				B827858D1D4717B50046782B /* CoreText.framework */,
				B827858B1D4717AB0046782B /* CoreTelephony.framework */,
				B82785891D4717A20046782B /* Security.framework */,
				B82785871D4717970046782B /* SystemConfiguration.framework */,
				B82785851D47178D0046782B /* ImageIO.framework */,
				B82785831D4717850046782B /* QuartzCore.framework */,
				FEC2A9639837CF5BF67A9F0C /* libPods-YQWeibo.a */,
			);
			name = Frameworks;
			sourceTree = "<group>";
		};
		86A78A2A9B4B76C3A1D2BD1D /* Pods */ = {
			isa = PBXGroup;
			children = (
				206197291C719F3DF106A14C /* Pods-YQWeibo.debug.xcconfig */,
				4DC7122337BCEF8316F5A17E /* Pods-YQWeibo.release.xcconfig */,
			);
			name = Pods;
			sourceTree = "<group>";
		};
		B8054D201D4616F800D3BA1B = {
			isa = PBXGroup;
			children = (
				B82785731D4717250046782B /* libWeiboSDK */,
				B8054D2B1D4616F800D3BA1B /* YQWeibo */,
				B8054D451D4616F800D3BA1B /* YQWeiboTests */,
				B8054D501D4616F800D3BA1B /* YQWeiboUITests */,
				B8054D2A1D4616F800D3BA1B /* Products */,
				86A78A2A9B4B76C3A1D2BD1D /* Pods */,
				339E70E265E38DF8CFB42688 /* Frameworks */,
			);
			sourceTree = "<group>";
		};
		B8054D2A1D4616F800D3BA1B /* Products */ = {
			isa = PBXGroup;
			children = (
				B8054D291D4616F800D3BA1B /* YQWeibo.app */,
				B8054D421D4616F800D3BA1B /* YQWeiboTests.xctest */,
				B8054D4D1D4616F800D3BA1B /* YQWeiboUITests.xctest */,
			);
			name = Products;
			sourceTree = "<group>";
		};
		B8054D2B1D4616F800D3BA1B /* YQWeibo */ = {
			isa = PBXGroup;
			children = (
				B8EB5B281D47315F00F93E63 /* YeTool */,
				B8EB5B071D4730E700F93E63 /* Base */,
				B8EB5B0B1D4730E700F93E63 /* Home */,
				B8EB5B0F1D4730E700F93E63 /* Me */,
				B8EB5B131D4730E700F93E63 /* Menu */,
				B8EB5B171D4730E700F93E63 /* Message */,
				B8D4FA011D50750900CF625A /* Discover */,
				B8054D3A1D4616F800D3BA1B /* LaunchScreen.storyboard */,
				B8054D381D4616F800D3BA1B /* Assets.xcassets */,
				B8054D3D1D4616F800D3BA1B /* Info.plist */,
				B8054D2C1D4616F800D3BA1B /* Supporting Files */,
			);
			path = YQWeibo;
			sourceTree = "<group>";
		};
		B8054D2C1D4616F800D3BA1B /* Supporting Files */ = {
			isa = PBXGroup;
			children = (
				B8054D2D1D4616F800D3BA1B /* main.m */,
			);
			name = "Supporting Files";
			sourceTree = "<group>";
		};
		B8054D451D4616F800D3BA1B /* YQWeiboTests */ = {
			isa = PBXGroup;
			children = (
				B8054D461D4616F800D3BA1B /* YQWeiboTests.m */,
				B8054D481D4616F800D3BA1B /* Info.plist */,
			);
			path = YQWeiboTests;
			sourceTree = "<group>";
		};
		B8054D501D4616F800D3BA1B /* YQWeiboUITests */ = {
			isa = PBXGroup;
			children = (
				B8054D511D4616F800D3BA1B /* YQWeiboUITests.m */,
				B8054D531D4616F800D3BA1B /* Info.plist */,
			);
			path = YQWeiboUITests;
			sourceTree = "<group>";
		};
		B82785731D4717250046782B /* libWeiboSDK */ = {
			isa = PBXGroup;
			children = (
				B82785741D4717250046782B /* libWeiboSDK.a */,
				B82785751D4717250046782B /* WBHttpRequest+WeiboGame.h */,
				B82785761D4717250046782B /* WBHttpRequest+WeiboShare.h */,
				B82785771D4717250046782B /* WBHttpRequest+WeiboToken.h */,
				B82785781D4717250046782B /* WBHttpRequest+WeiboUser.h */,
				B82785791D4717250046782B /* WBHttpRequest.h */,
				B827857A1D4717250046782B /* WBSDKBasicButton.h */,
				B827857B1D4717250046782B /* WBSDKCommentButton.h */,
				B827857C1D4717250046782B /* WBSDKRelationshipButton.h */,
				B827857D1D4717250046782B /* WeiboSDK+Statistics.h */,
				B827857E1D4717250046782B /* WeiboSDK.bundle */,
				B827857F1D4717250046782B /* WeiboSDK.h */,
				B82785801D4717250046782B /* WeiboUser.h */,
			);
			path = libWeiboSDK;
			sourceTree = "<group>";
		};
		B8D4FA011D50750900CF625A /* Discover */ = {
			isa = PBXGroup;
			children = (
				B8D4FA021D50750900CF625A /* Model */,
				B8D4FA061D50750900CF625A /* View */,
				B8D4FA071D50750900CF625A /* ViewModel */,
				B8D4FA0A1D50756900CF625A /* Discover.storyboard */,
				B8D4FA0C1D50758200CF625A /* DiscoverViewController.h */,
				B8D4FA0D1D50758200CF625A /* DiscoverViewController.m */,
			);
			path = Discover;
			sourceTree = "<group>";
		};
		B8D4FA021D50750900CF625A /* Model */ = {
			isa = PBXGroup;
			children = (
			);
			path = Model;
			sourceTree = "<group>";
		};
		B8D4FA061D50750900CF625A /* View */ = {
			isa = PBXGroup;
			children = (
			);
			path = View;
			sourceTree = "<group>";
		};
		B8D4FA071D50750900CF625A /* ViewModel */ = {
			isa = PBXGroup;
			children = (
			);
			path = ViewModel;
			sourceTree = "<group>";
		};
		B8EB5B071D4730E700F93E63 /* Base */ = {
			isa = PBXGroup;
			children = (
				B8EB5B081D4730E700F93E63 /* Model */,
				B8EB5B091D4730E700F93E63 /* View */,
				B8EB5B0A1D4730E700F93E63 /* ViewModel */,
				B8EB5B1F1D47311B00F93E63 /* BaseTabBarController.h */,
				B8EB5B201D47311B00F93E63 /* BaseTabBarController.m */,
				B8EB5B221D47313300F93E63 /* BaseNavigationController.h */,
				B8EB5B231D47313300F93E63 /* BaseNavigationController.m */,
				B8EB5B251D47314400F93E63 /* BaseViewController.h */,
				B8EB5B261D47314400F93E63 /* BaseViewController.m */,
				B8054D2F1D4616F800D3BA1B /* AppDelegate.h */,
				B8054D301D4616F800D3BA1B /* AppDelegate.m */,
				B8EB5B451D47368B00F93E63 /* Head.pch */,
			);
			path = Base;
			sourceTree = "<group>";
		};
		B8EB5B081D4730E700F93E63 /* Model */ = {
			isa = PBXGroup;
			children = (
			);
			path = Model;
			sourceTree = "<group>";
		};
		B8EB5B091D4730E700F93E63 /* View */ = {
			isa = PBXGroup;
			children = (
			);
			path = View;
			sourceTree = "<group>";
		};
		B8EB5B0A1D4730E700F93E63 /* ViewModel */ = {
			isa = PBXGroup;
			children = (
			);
			path = ViewModel;
			sourceTree = "<group>";
		};
		B8EB5B0B1D4730E700F93E63 /* Home */ = {
			isa = PBXGroup;
			children = (
				B8EB5B0C1D4730E700F93E63 /* Model */,
				B8EB5B0D1D4730E700F93E63 /* View */,
				B8EB5B0E1D4730E700F93E63 /* ViewModel */,
				B8EB5B291D47317000F93E63 /* Home.storyboard */,
				B8EB5B331D4731DC00F93E63 /* HomeViewController.h */,
				B8EB5B341D4731DC00F93E63 /* HomeViewController.m */,
			);
			path = Home;
			sourceTree = "<group>";
		};
		B8EB5B0C1D4730E700F93E63 /* Model */ = {
			isa = PBXGroup;
			children = (
				B8DFEB531D4B3B6600C50899 /* HomeModel.h */,
				B8DFEB541D4B3B6600C50899 /* HomeModel.m */,
				B8DFEB591D4B42AA00C50899 /* UserModel.h */,
				B8DFEB5A1D4B42AA00C50899 /* UserModel.m */,
			);
			path = Model;
			sourceTree = "<group>";
		};
		B8EB5B0D1D4730E700F93E63 /* View */ = {
			isa = PBXGroup;
			children = (
				B832F1E51D51F741008DD2B1 /* HomeCell.h */,
				B832F1E61D51F741008DD2B1 /* HomeCell.m */,
				B8F507411D4EF67A0081CB9C /* HomeTableView.h */,
				B8F507421D4EF67A0081CB9C /* HomeTableView.m */,
			);
			path = View;
			sourceTree = "<group>";
		};
		B8EB5B0E1D4730E700F93E63 /* ViewModel */ = {
			isa = PBXGroup;
			children = (
				B8DFEB5C1D4B45CE00C50899 /* HomeLayout.h */,
				B8DFEB5D1D4B45CE00C50899 /* HomeLayout.m */,
			);
			path = ViewModel;
			sourceTree = "<group>";
		};
		B8EB5B0F1D4730E700F93E63 /* Me */ = {
			isa = PBXGroup;
			children = (
				B8EB5B101D4730E700F93E63 /* Model */,
				B8EB5B111D4730E700F93E63 /* View */,
				B8EB5B121D4730E700F93E63 /* ViewModel */,
				B8EB5B2B1D47317E00F93E63 /* Me.storyboard */,
				B8EB5B361D4731E500F93E63 /* MeViewController.h */,
				B8EB5B371D4731E500F93E63 /* MeViewController.m */,
			);
			path = Me;
			sourceTree = "<group>";
		};
		B8EB5B101D4730E700F93E63 /* Model */ = {
			isa = PBXGroup;
			children = (
			);
			path = Model;
			sourceTree = "<group>";
		};
		B8EB5B111D4730E700F93E63 /* View */ = {
			isa = PBXGroup;
			children = (
			);
			path = View;
			sourceTree = "<group>";
		};
		B8EB5B121D4730E700F93E63 /* ViewModel */ = {
			isa = PBXGroup;
			children = (
			);
			path = ViewModel;
			sourceTree = "<group>";
		};
		B8EB5B131D4730E700F93E63 /* Menu */ = {
			isa = PBXGroup;
			children = (
				B8EB5B141D4730E700F93E63 /* Model */,
				B8EB5B151D4730E700F93E63 /* View */,
				B8EB5B161D4730E700F93E63 /* ViewModel */,
				B8EB5B2D1D4731BE00F93E63 /* Menu.storyboard */,
				B8EB5B391D4731ED00F93E63 /* MenuViewController.h */,
				B8EB5B3A1D4731ED00F93E63 /* MenuViewController.m */,
			);
			path = Menu;
			sourceTree = "<group>";
		};
		B8EB5B141D4730E700F93E63 /* Model */ = {
			isa = PBXGroup;
			children = (
			);
			path = Model;
			sourceTree = "<group>";
		};
		B8EB5B151D4730E700F93E63 /* View */ = {
			isa = PBXGroup;
			children = (
			);
			path = View;
			sourceTree = "<group>";
		};
		B8EB5B161D4730E700F93E63 /* ViewModel */ = {
			isa = PBXGroup;
			children = (
			);
			path = ViewModel;
			sourceTree = "<group>";
		};
		B8EB5B171D4730E700F93E63 /* Message */ = {
			isa = PBXGroup;
			children = (
				B8EB5B181D4730E700F93E63 /* Model */,
				B8EB5B191D4730E700F93E63 /* View */,
				B8EB5B1A1D4730E700F93E63 /* ViewModel */,
				B8EB5B2F1D4731C500F93E63 /* Message.storyboard */,
				B8EB5B3C1D4731F600F93E63 /* MessageViewController.h */,
				B8EB5B3D1D4731F600F93E63 /* MessageViewController.m */,
			);
			path = Message;
			sourceTree = "<group>";
		};
		B8EB5B181D4730E700F93E63 /* Model */ = {
			isa = PBXGroup;
			children = (
				B8DFEB501D4B0A7D00C50899 /* MessageModel.h */,
				B8DFEB511D4B0A7D00C50899 /* MessageModel.m */,
			);
			path = Model;
			sourceTree = "<group>";
		};
		B8EB5B191D4730E700F93E63 /* View */ = {
			isa = PBXGroup;
			children = (
			);
			path = View;
			sourceTree = "<group>";
		};
		B8EB5B1A1D4730E700F93E63 /* ViewModel */ = {
			isa = PBXGroup;
			children = (
				B8DFEB481D4B09F800C50899 /* MessageCell.h */,
				B8DFEB491D4B09F800C50899 /* MessageCell.m */,
				B8DFEB4A1D4B09F800C50899 /* MessageCell.xib */,
			);
			path = ViewModel;
			sourceTree = "<group>";
		};
		B8EB5B281D47315F00F93E63 /* YeTool */ = {
			isa = PBXGroup;
			children = (
				B832F1E21D51CA7E008DD2B1 /* ZhouDate.h */,
				B832F1E31D51CA7E008DD2B1 /* ZhouDate.m */,
				B8EB5B421D47323100F93E63 /* UIStoryboard+LoadViewController.h */,
				B8EB5B431D47323100F93E63 /* UIStoryboard+LoadViewController.m */,
				B8D012C41D49F3AB00F20C83 /* YeHttp.h */,
				B8D012C51D49F3AB00F20C83 /* YeHttp.m */,
				B88CC61B1D50367E00B2E6C9 /* YeTabBar.h */,
				B88CC61C1D50367E00B2E6C9 /* YeTabBar.m */,
			);
			path = YeTool;
			sourceTree = "<group>";
		};
/* End PBXGroup section */

/* Begin PBXNativeTarget section */
		B8054D281D4616F800D3BA1B /* YQWeibo */ = {
			isa = PBXNativeTarget;
			buildConfigurationList = B8054D561D4616F800D3BA1B /* Build configuration list for PBXNativeTarget "YQWeibo" */;
			buildPhases = (
				C32C354BE151338206568FDC /* Check Pods Manifest.lock */,
				B8054D251D4616F800D3BA1B /* Sources */,
				B8054D261D4616F800D3BA1B /* Frameworks */,
				B8054D271D4616F800D3BA1B /* Resources */,
				301AA9D59560E0B9745FCD7A /* Embed Pods Frameworks */,
				1802FB447104554B99B8F5FE /* Copy Pods Resources */,
			);
			buildRules = (
			);
			dependencies = (
			);
			name = YQWeibo;
			productName = YQWeibo;
			productReference = B8054D291D4616F800D3BA1B /* YQWeibo.app */;
			productType = "com.apple.product-type.application";
		};
		B8054D411D4616F800D3BA1B /* YQWeiboTests */ = {
			isa = PBXNativeTarget;
			buildConfigurationList = B8054D591D4616F800D3BA1B /* Build configuration list for PBXNativeTarget "YQWeiboTests" */;
			buildPhases = (
				B8054D3E1D4616F800D3BA1B /* Sources */,
				B8054D3F1D4616F800D3BA1B /* Frameworks */,
				B8054D401D4616F800D3BA1B /* Resources */,
			);
			buildRules = (
			);
			dependencies = (
				B8054D441D4616F800D3BA1B /* PBXTargetDependency */,
			);
			name = YQWeiboTests;
			productName = YQWeiboTests;
			productReference = B8054D421D4616F800D3BA1B /* YQWeiboTests.xctest */;
			productType = "com.apple.product-type.bundle.unit-test";
		};
		B8054D4C1D4616F800D3BA1B /* YQWeiboUITests */ = {
			isa = PBXNativeTarget;
			buildConfigurationList = B8054D5C1D4616F800D3BA1B /* Build configuration list for PBXNativeTarget "YQWeiboUITests" */;
			buildPhases = (
				B8054D491D4616F800D3BA1B /* Sources */,
				B8054D4A1D4616F800D3BA1B /* Frameworks */,
				B8054D4B1D4616F800D3BA1B /* Resources */,
			);
			buildRules = (
			);
			dependencies = (
				B8054D4F1D4616F800D3BA1B /* PBXTargetDependency */,
			);
			name = YQWeiboUITests;
			productName = YQWeiboUITests;
			productReference = B8054D4D1D4616F800D3BA1B /* YQWeiboUITests.xctest */;
			productType = "com.apple.product-type.bundle.ui-testing";
		};
/* End PBXNativeTarget section */

/* Begin PBXProject section */
		B8054D211D4616F800D3BA1B /* Project object */ = {
			isa = PBXProject;
			attributes = {
				LastUpgradeCheck = 0710;
				ORGANIZATIONNAME = YQ;
				TargetAttributes = {
					B8054D281D4616F800D3BA1B = {
						CreatedOnToolsVersion = 7.1.1;
					};
					B8054D411D4616F800D3BA1B = {
						CreatedOnToolsVersion = 7.1.1;
						TestTargetID = B8054D281D4616F800D3BA1B;
					};
					B8054D4C1D4616F800D3BA1B = {
						CreatedOnToolsVersion = 7.1.1;
						TestTargetID = B8054D281D4616F800D3BA1B;
					};
				};
			};
			buildConfigurationList = B8054D241D4616F800D3BA1B /* Build configuration list for PBXProject "YQWeibo" */;
			compatibilityVersion = "Xcode 3.2";
			developmentRegion = English;
			hasScannedForEncodings = 0;
			knownRegions = (
				en,
				Base,
			);
			mainGroup = B8054D201D4616F800D3BA1B;
			productRefGroup = B8054D2A1D4616F800D3BA1B /* Products */;
			projectDirPath = "";
			projectRoot = "";
			targets = (
				B8054D281D4616F800D3BA1B /* YQWeibo */,
				B8054D411D4616F800D3BA1B /* YQWeiboTests */,
				B8054D4C1D4616F800D3BA1B /* YQWeiboUITests */,
			);
		};
/* End PBXProject section */

/* Begin PBXResourcesBuildPhase section */
		B8054D271D4616F800D3BA1B /* Resources */ = {
			isa = PBXResourcesBuildPhase;
			buildActionMask = 2147483647;
			files = (
				B8EB5B2E1D4731BE00F93E63 /* Menu.storyboard in Resources */,
				B8054D3C1D4616F800D3BA1B /* LaunchScreen.storyboard in Resources */,
				B8EB5B2A1D47317000F93E63 /* Home.storyboard in Resources */,
				B8D4FA0B1D50756900CF625A /* Discover.storyboard in Resources */,
				B8EB5B2C1D47317E00F93E63 /* Me.storyboard in Resources */,
				B8DFEB4C1D4B09F800C50899 /* MessageCell.xib in Resources */,
				B8054D391D4616F800D3BA1B /* Assets.xcassets in Resources */,
				B8EB5B301D4731C500F93E63 /* Message.storyboard in Resources */,
				B82785821D4717250046782B /* WeiboSDK.bundle in Resources */,
			);
			runOnlyForDeploymentPostprocessing = 0;
		};
		B8054D401D4616F800D3BA1B /* Resources */ = {
			isa = PBXResourcesBuildPhase;
			buildActionMask = 2147483647;
			files = (
			);
			runOnlyForDeploymentPostprocessing = 0;
		};
		B8054D4B1D4616F800D3BA1B /* Resources */ = {
			isa = PBXResourcesBuildPhase;
			buildActionMask = 2147483647;
			files = (
			);
			runOnlyForDeploymentPostprocessing = 0;
		};
/* End PBXResourcesBuildPhase section */

/* Begin PBXShellScriptBuildPhase section */
		1802FB447104554B99B8F5FE /* Copy Pods Resources */ = {
			isa = PBXShellScriptBuildPhase;
			buildActionMask = 2147483647;
			files = (
			);
			inputPaths = (
			);
			name = "Copy Pods Resources";
			outputPaths = (
			);
			runOnlyForDeploymentPostprocessing = 0;
			shellPath = /bin/sh;
			shellScript = "\"${SRCROOT}/Pods/Target Support Files/Pods-YQWeibo/Pods-YQWeibo-resources.sh\"\n";
			showEnvVarsInLog = 0;
		};
		301AA9D59560E0B9745FCD7A /* Embed Pods Frameworks */ = {
			isa = PBXShellScriptBuildPhase;
			buildActionMask = 2147483647;
			files = (
			);
			inputPaths = (
			);
			name = "Embed Pods Frameworks";
			outputPaths = (
			);
			runOnlyForDeploymentPostprocessing = 0;
			shellPath = /bin/sh;
			shellScript = "\"${SRCROOT}/Pods/Target Support Files/Pods-YQWeibo/Pods-YQWeibo-frameworks.sh\"\n";
			showEnvVarsInLog = 0;
		};
		C32C354BE151338206568FDC /* Check Pods Manifest.lock */ = {
			isa = PBXShellScriptBuildPhase;
			buildActionMask = 2147483647;
			files = (
			);
			inputPaths = (
			);
			name = "Check Pods Manifest.lock";
			outputPaths = (
			);
			runOnlyForDeploymentPostprocessing = 0;
			shellPath = /bin/sh;
			shellScript = "diff \"${PODS_ROOT}/../Podfile.lock\" \"${PODS_ROOT}/Manifest.lock\" > /dev/null\nif [[ $? != 0 ]] ; then\n    cat << EOM\nerror: The sandbox is not in sync with the Podfile.lock. Run 'pod install' or update your CocoaPods installation.\nEOM\n    exit 1\nfi\n";
			showEnvVarsInLog = 0;
		};
/* End PBXShellScriptBuildPhase section */

/* Begin PBXSourcesBuildPhase section */
		B8054D251D4616F800D3BA1B /* Sources */ = {
			isa = PBXSourcesBuildPhase;
			buildActionMask = 2147483647;
			files = (
				B8EB5B211D47311B00F93E63 /* BaseTabBarController.m in Sources */,
				B8EB5B3B1D4731ED00F93E63 /* MenuViewController.m in Sources */,
				B8DFEB4B1D4B09F800C50899 /* MessageCell.m in Sources */,
				B8EB5B271D47314400F93E63 /* BaseViewController.m in Sources */,
				B8054D311D4616F800D3BA1B /* AppDelegate.m in Sources */,
				B8054D2E1D4616F800D3BA1B /* main.m in Sources */,
				B8DFEB5B1D4B42AA00C50899 /* UserModel.m in Sources */,
				B8DFEB5E1D4B45CE00C50899 /* HomeLayout.m in Sources */,
				B8EB5B3E1D4731F600F93E63 /* MessageViewController.m in Sources */,
				B8EB5B441D47323100F93E63 /* UIStoryboard+LoadViewController.m in Sources */,
				B8EB5B351D4731DC00F93E63 /* HomeViewController.m in Sources */,
				B8D012C61D49F3AB00F20C83 /* YeHttp.m in Sources */,
				B8DFEB551D4B3B6600C50899 /* HomeModel.m in Sources */,
				B8EB5B381D4731E500F93E63 /* MeViewController.m in Sources */,
				B832F1E41D51CA7E008DD2B1 /* ZhouDate.m in Sources */,
				B8D4FA0E1D50758200CF625A /* DiscoverViewController.m in Sources */,
				B8EB5B241D47313300F93E63 /* BaseNavigationController.m in Sources */,
				B8F507431D4EF67A0081CB9C /* HomeTableView.m in Sources */,
				B832F1E71D51F741008DD2B1 /* HomeCell.m in Sources */,
				B88CC61D1D50367E00B2E6C9 /* YeTabBar.m in Sources */,
				B8DFEB521D4B0A7D00C50899 /* MessageModel.m in Sources */,
			);
			runOnlyForDeploymentPostprocessing = 0;
		};
		B8054D3E1D4616F800D3BA1B /* Sources */ = {
			isa = PBXSourcesBuildPhase;
			buildActionMask = 2147483647;
			files = (
				B8054D471D4616F800D3BA1B /* YQWeiboTests.m in Sources */,
			);
			runOnlyForDeploymentPostprocessing = 0;
		};
		B8054D491D4616F800D3BA1B /* Sources */ = {
			isa = PBXSourcesBuildPhase;
			buildActionMask = 2147483647;
			files = (
				B8054D521D4616F800D3BA1B /* YQWeiboUITests.m in Sources */,
			);
			runOnlyForDeploymentPostprocessing = 0;
		};
/* End PBXSourcesBuildPhase section */

/* Begin PBXTargetDependency section */
		B8054D441D4616F800D3BA1B /* PBXTargetDependency */ = {
			isa = PBXTargetDependency;
			target = B8054D281D4616F800D3BA1B /* YQWeibo */;
			targetProxy = B8054D431D4616F800D3BA1B /* PBXContainerItemProxy */;
		};
		B8054D4F1D4616F800D3BA1B /* PBXTargetDependency */ = {
			isa = PBXTargetDependency;
			target = B8054D281D4616F800D3BA1B /* YQWeibo */;
			targetProxy = B8054D4E1D4616F800D3BA1B /* PBXContainerItemProxy */;
		};
/* End PBXTargetDependency section */

/* Begin PBXVariantGroup section */
		B8054D3A1D4616F800D3BA1B /* LaunchScreen.storyboard */ = {
			isa = PBXVariantGroup;
			children = (
				B8054D3B1D4616F800D3BA1B /* Base */,
			);
			name = LaunchScreen.storyboard;
			sourceTree = "<group>";
		};
/* End PBXVariantGroup section */

/* Begin XCBuildConfiguration section */
		B8054D541D4616F800D3BA1B /* Debug */ = {
			isa = XCBuildConfiguration;
			buildSettings = {
				ALWAYS_SEARCH_USER_PATHS = NO;
				CLANG_CXX_LANGUAGE_STANDARD = "gnu++0x";
				CLANG_CXX_LIBRARY = "libc++";
				CLANG_ENABLE_MODULES = YES;
				CLANG_ENABLE_OBJC_ARC = YES;
				CLANG_WARN_BOOL_CONVERSION = YES;
				CLANG_WARN_CONSTANT_CONVERSION = YES;
				CLANG_WARN_DIRECT_OBJC_ISA_USAGE = YES_ERROR;
				CLANG_WARN_EMPTY_BODY = YES;
				CLANG_WARN_ENUM_CONVERSION = YES;
				CLANG_WARN_INT_CONVERSION = YES;
				CLANG_WARN_OBJC_ROOT_CLASS = YES_ERROR;
				CLANG_WARN_UNREACHABLE_CODE = YES;
				CLANG_WARN__DUPLICATE_METHOD_MATCH = YES;
				"CODE_SIGN_IDENTITY[sdk=iphoneos*]" = "iPhone Developer";
				COPY_PHASE_STRIP = NO;
				DEBUG_INFORMATION_FORMAT = dwarf;
				ENABLE_STRICT_OBJC_MSGSEND = YES;
				ENABLE_TESTABILITY = YES;
				GCC_C_LANGUAGE_STANDARD = gnu99;
				GCC_DYNAMIC_NO_PIC = NO;
				GCC_NO_COMMON_BLOCKS = YES;
				GCC_OPTIMIZATION_LEVEL = 0;
				GCC_PREPROCESSOR_DEFINITIONS = (
					"DEBUG=1",
					"$(inherited)",
				);
				GCC_WARN_64_TO_32_BIT_CONVERSION = YES;
				GCC_WARN_ABOUT_RETURN_TYPE = YES_ERROR;
				GCC_WARN_UNDECLARED_SELECTOR = YES;
				GCC_WARN_UNINITIALIZED_AUTOS = YES_AGGRESSIVE;
				GCC_WARN_UNUSED_FUNCTION = YES;
				GCC_WARN_UNUSED_VARIABLE = YES;
				IPHONEOS_DEPLOYMENT_TARGET = 9.1;
				MTL_ENABLE_DEBUG_INFO = YES;
				ONLY_ACTIVE_ARCH = YES;
				SDKROOT = iphoneos;
			};
			name = Debug;
		};
		B8054D551D4616F800D3BA1B /* Release */ = {
			isa = XCBuildConfiguration;
			buildSettings = {
				ALWAYS_SEARCH_USER_PATHS = NO;
				CLANG_CXX_LANGUAGE_STANDARD = "gnu++0x";
				CLANG_CXX_LIBRARY = "libc++";
				CLANG_ENABLE_MODULES = YES;
				CLANG_ENABLE_OBJC_ARC = YES;
				CLANG_WARN_BOOL_CONVERSION = YES;
				CLANG_WARN_CONSTANT_CONVERSION = YES;
				CLANG_WARN_DIRECT_OBJC_ISA_USAGE = YES_ERROR;
				CLANG_WARN_EMPTY_BODY = YES;
				CLANG_WARN_ENUM_CONVERSION = YES;
				CLANG_WARN_INT_CONVERSION = YES;
				CLANG_WARN_OBJC_ROOT_CLASS = YES_ERROR;
				CLANG_WARN_UNREACHABLE_CODE = YES;
				CLANG_WARN__DUPLICATE_METHOD_MATCH = YES;
				"CODE_SIGN_IDENTITY[sdk=iphoneos*]" = "iPhone Developer";
				COPY_PHASE_STRIP = NO;
				DEBUG_INFORMATION_FORMAT = "dwarf-with-dsym";
				ENABLE_NS_ASSERTIONS = NO;
				ENABLE_STRICT_OBJC_MSGSEND = YES;
				GCC_C_LANGUAGE_STANDARD = gnu99;
				GCC_NO_COMMON_BLOCKS = YES;
				GCC_WARN_64_TO_32_BIT_CONVERSION = YES;
				GCC_WARN_ABOUT_RETURN_TYPE = YES_ERROR;
				GCC_WARN_UNDECLARED_SELECTOR = YES;
				GCC_WARN_UNINITIALIZED_AUTOS = YES_AGGRESSIVE;
				GCC_WARN_UNUSED_FUNCTION = YES;
				GCC_WARN_UNUSED_VARIABLE = YES;
				IPHONEOS_DEPLOYMENT_TARGET = 9.1;
				MTL_ENABLE_DEBUG_INFO = NO;
				SDKROOT = iphoneos;
				VALIDATE_PRODUCT = YES;
			};
			name = Release;
		};
		B8054D571D4616F800D3BA1B /* Debug */ = {
			isa = XCBuildConfiguration;
			baseConfigurationReference = 206197291C719F3DF106A14C /* Pods-YQWeibo.debug.xcconfig */;
			buildSettings = {
				ASSETCATALOG_COMPILER_APPICON_NAME = AppIcon;
				GCC_PREFIX_HEADER = /Users/weibayeqiang/YQWeibo/YQWeibo/Base/Head.pch;
				INFOPLIST_FILE = YQWeibo/Info.plist;
				LD_RUNPATH_SEARCH_PATHS = "$(inherited) @executable_path/Frameworks";
				LIBRARY_SEARCH_PATHS = (
					"$(inherited)",
					"$(PROJECT_DIR)/libWeiboSDK",
					"$(PROJECT_DIR)/build/Debug-iphoneos",
				);
				OTHER_LDFLAGS = (
					"$(inherited)",
					"-ObjC",
					"-l\"AFNetworking\"",
					"-l\"MBProgressHUD\"",
					"-l\"MJRefresh\"",
					"-l\"Masonry\"",
					"-l\"ReactiveCocoa\"",
					"-l\"SDWebImage\"",
					"-l\"YYModel\"",
					"-framework",
					"\"CoreFoundation\"",
					"-framework",
					"\"CoreGraphics\"",
					"-framework",
					"\"Foundation\"",
					"-framework",
					"\"ImageIO\"",
					"-framework",
					"\"MobileCoreServices\"",
					"-framework",
					"\"Security\"",
					"-framework",
					"\"SystemConfiguration\"",
					"-framework",
					"\"UIKit\"",
					"-Objc",
				);
				PRODUCT_BUNDLE_IDENTIFIER = yqiang.YQWeibo;
				PRODUCT_NAME = "$(TARGET_NAME)";
			};
			name = Debug;
		};
		B8054D581D4616F800D3BA1B /* Release */ = {
			isa = XCBuildConfiguration;
			baseConfigurationReference = 4DC7122337BCEF8316F5A17E /* Pods-YQWeibo.release.xcconfig */;
			buildSettings = {
				ASSETCATALOG_COMPILER_APPICON_NAME = AppIcon;
				GCC_PREFIX_HEADER = /Users/weibayeqiang/YQWeibo/YQWeibo/Base/Head.pch;
				INFOPLIST_FILE = YQWeibo/Info.plist;
				LD_RUNPATH_SEARCH_PATHS = "$(inherited) @executable_path/Frameworks";
				LIBRARY_SEARCH_PATHS = (
					"$(inherited)",
					"$(PROJECT_DIR)/libWeiboSDK",
					"$(PROJECT_DIR)/build/Debug-iphoneos",
				);
				OTHER_LDFLAGS = (
					"$(inherited)",
					"-ObjC",
					"-l\"AFNetworking\"",
					"-l\"MBProgressHUD\"",
					"-l\"MJRefresh\"",
					"-l\"Masonry\"",
					"-l\"ReactiveCocoa\"",
					"-l\"SDWebImage\"",
					"-l\"YYModel\"",
					"-framework",
					"\"CoreFoundation\"",
					"-framework",
					"\"CoreGraphics\"",
					"-framework",
					"\"Foundation\"",
					"-framework",
					"\"ImageIO\"",
					"-framework",
					"\"MobileCoreServices\"",
					"-framework",
					"\"Security\"",
					"-framework",
					"\"SystemConfiguration\"",
					"-framework",
					"\"UIKit\"",
					"-Objc",
				);
				PRODUCT_BUNDLE_IDENTIFIER = yqiang.YQWeibo;
				PRODUCT_NAME = "$(TARGET_NAME)";
			};
			name = Release;
		};
		B8054D5A1D4616F800D3BA1B /* Debug */ = {
			isa = XCBuildConfiguration;
			buildSettings = {
				BUNDLE_LOADER = "$(TEST_HOST)";
				INFOPLIST_FILE = YQWeiboTests/Info.plist;
				LD_RUNPATH_SEARCH_PATHS = "$(inherited) @executable_path/Frameworks @loader_path/Frameworks";
				PRODUCT_BUNDLE_IDENTIFIER = yqiang.YQWeiboTests;
				PRODUCT_NAME = "$(TARGET_NAME)";
				TEST_HOST = "$(BUILT_PRODUCTS_DIR)/YQWeibo.app/YQWeibo";
			};
			name = Debug;
		};
		B8054D5B1D4616F800D3BA1B /* Release */ = {
			isa = XCBuildConfiguration;
			buildSettings = {
				BUNDLE_LOADER = "$(TEST_HOST)";
				INFOPLIST_FILE = YQWeiboTests/Info.plist;
				LD_RUNPATH_SEARCH_PATHS = "$(inherited) @executable_path/Frameworks @loader_path/Frameworks";
				PRODUCT_BUNDLE_IDENTIFIER = yqiang.YQWeiboTests;
				PRODUCT_NAME = "$(TARGET_NAME)";
				TEST_HOST = "$(BUILT_PRODUCTS_DIR)/YQWeibo.app/YQWeibo";
			};
			name = Release;
		};
		B8054D5D1D4616F800D3BA1B /* Debug */ = {
			isa = XCBuildConfiguration;
			buildSettings = {
				INFOPLIST_FILE = YQWeiboUITests/Info.plist;
				LD_RUNPATH_SEARCH_PATHS = "$(inherited) @executable_path/Frameworks @loader_path/Frameworks";
				PRODUCT_BUNDLE_IDENTIFIER = yqiang.YQWeiboUITests;
				PRODUCT_NAME = "$(TARGET_NAME)";
				TEST_TARGET_NAME = YQWeibo;
				USES_XCTRUNNER = YES;
			};
			name = Debug;
		};
		B8054D5E1D4616F800D3BA1B /* Release */ = {
			isa = XCBuildConfiguration;
			buildSettings = {
				INFOPLIST_FILE = YQWeiboUITests/Info.plist;
				LD_RUNPATH_SEARCH_PATHS = "$(inherited) @executable_path/Frameworks @loader_path/Frameworks";
				PRODUCT_BUNDLE_IDENTIFIER = yqiang.YQWeiboUITests;
				PRODUCT_NAME = "$(TARGET_NAME)";
				TEST_TARGET_NAME = YQWeibo;
				USES_XCTRUNNER = YES;
			};
			name = Release;
		};
/* End XCBuildConfiguration section */

/* Begin XCConfigurationList section */
		B8054D241D4616F800D3BA1B /* Build configuration list for PBXProject "YQWeibo" */ = {
			isa = XCConfigurationList;
			buildConfigurations = (
				B8054D541D4616F800D3BA1B /* Debug */,
				B8054D551D4616F800D3BA1B /* Release */,
			);
			defaultConfigurationIsVisible = 0;
			defaultConfigurationName = Release;
		};
		B8054D561D4616F800D3BA1B /* Build configuration list for PBXNativeTarget "YQWeibo" */ = {
			isa = XCConfigurationList;
			buildConfigurations = (
				B8054D571D4616F800D3BA1B /* Debug */,
				B8054D581D4616F800D3BA1B /* Release */,
			);
			defaultConfigurationIsVisible = 0;
			defaultConfigurationName = Release;
		};
		B8054D591D4616F800D3BA1B /* Build configuration list for PBXNativeTarget "YQWeiboTests" */ = {
			isa = XCConfigurationList;
			buildConfigurations = (
				B8054D5A1D4616F800D3BA1B /* Debug */,
				B8054D5B1D4616F800D3BA1B /* Release */,
			);
			defaultConfigurationIsVisible = 0;
			defaultConfigurationName = Release;
		};
		B8054D5C1D4616F800D3BA1B /* Build configuration list for PBXNativeTarget "YQWeiboUITests" */ = {
			isa = XCConfigurationList;
			buildConfigurations = (
				B8054D5D1D4616F800D3BA1B /* Debug */,
				B8054D5E1D4616F800D3BA1B /* Release */,
			);
			defaultConfigurationIsVisible = 0;
			defaultConfigurationName = Release;
		};
/* End XCConfigurationList section */
	};
	rootObject = B8054D211D4616F800D3BA1B /* Project object */;
}
